
Microsoft Visual Studio Solution File, Format Version 12.00
Project("{FAE04EC0-301F-11D3-BF4B-00C04F79EFBC}") = "Beecrowd_1000", "Beecrowd_1000\Beecrowd_1000.csproj", "{9432761F-6309-4809-85BC-A8DEDD136FD2}"
EndProject
Project("{FAE04EC0-301F-11D3-BF4B-00C04F79EFBC}") = "Beecrowd_1001", "Beecrowd_1001\Beecrowd_1001.csproj", "{E8CA4266-CBA5-429B-BC71-E38497C5673F}"
EndProject
Project("{FAE04EC0-301F-11D3-BF4B-00C04F79EFBC}") = "Beecrowd_1002", "Beecrowd_1002\Beecrowd_1002.csproj", "{72AFA515-C108-4298-96F4-11B445CAC78F}"
EndProject
Project("{FAE04EC0-301F-11D3-BF4B-00C04F79EFBC}") = "Beecrowd_1003", "Beecrowd_1003\Beecrowd_1003.csproj", "{F2652193-691B-427A-A40A-F1994A9A6346}"
EndProject
Project("{FAE04EC0-301F-11D3-BF4B-00C04F79EFBC}") = "Beecrowd_1004", "Beecrowd_1004\Beecrowd_1004.csproj", "{D668E2D2-81A3-4C4B-A4D5-B2265505A7DD}"
EndProject
Global
	GlobalSection(SolutionConfigurationPlatforms) = preSolution
		Debug|Any CPU = Debug|Any CPU
		Release|Any CPU = Release|Any CPU
	EndGlobalSection
	GlobalSection(ProjectConfigurationPlatforms) = postSolution
		{9432761F-6309-4809-85BC-A8DEDD136FD2}.Debug|Any CPU.ActiveCfg = Debug|Any CPU
		{9432761F-6309-4809-85BC-A8DEDD136FD2}.Debug|Any CPU.Build.0 = Debug|Any CPU
		{9432761F-6309-4809-85BC-A8DEDD136FD2}.Release|Any CPU.ActiveCfg = Release|Any CPU
		{9432761F-6309-4809-85BC-A8DEDD136FD2}.Release|Any CPU.Build.0 = Release|Any CPU
		{E8CA4266-CBA5-429B-BC71-E38497C5673F}.Debug|Any CPU.ActiveCfg = Debug|Any CPU
		{E8CA4266-CBA5-429B-BC71-E38497C5673F}.Debug|Any CPU.Build.0 = Debug|Any CPU
		{E8CA4266-CBA5-429B-BC71-E38497C5673F}.Release|Any CPU.ActiveCfg = Release|Any CPU
		{E8CA4266-CBA5-429B-BC71-E38497C5673F}.Release|Any CPU.Build.0 = Release|Any CPU
		{72AFA515-C108-4298-96F4-11B445CAC78F}.Debug|Any CPU.ActiveCfg = Debug|Any CPU
		{72AFA515-C108-4298-96F4-11B445CAC78F}.Debug|Any CPU.Build.0 = Debug|Any CPU
		{72AFA515-C108-4298-96F4-11B445CAC78F}.Release|Any CPU.ActiveCfg = Release|Any CPU
		{72AFA515-C108-4298-96F4-11B445CAC78F}.Release|Any CPU.Build.0 = Release|Any CPU
		{F2652193-691B-427A-A40A-F1994A9A6346}.Debug|Any CPU.ActiveCfg = Debug|Any CPU
		{F2652193-691B-427A-A40A-F1994A9A6346}.Debug|Any CPU.Build.0 = Debug|Any CPU
		{F2652193-691B-427A-A40A-F1994A9A6346}.Release|Any CPU.ActiveCfg = Release|Any CPU
		{F2652193-691B-427A-A40A-F1994A9A6346}.Release|Any CPU.Build.0 = Release|Any CPU
		{D668E2D2-81A3-4C4B-A4D5-B2265505A7DD}.Debug|Any CPU.ActiveCfg = Debug|Any CPU
		{D668E2D2-81A3-4C4B-A4D5-B2265505A7DD}.Debug|Any CPU.Build.0 = Debug|Any CPU
		{D668E2D2-81A3-4C4B-A4D5-B2265505A7DD}.Release|Any CPU.ActiveCfg = Release|Any CPU
		{D668E2D2-81A3-4C4B-A4D5-B2265505A7DD}.Release|Any CPU.Build.0 = Release|Any CPU
	EndGlobalSection
EndGlobal
